
Microsoft Visual Studio Solution File, Format Version 12.00
# Visual Studio Version 16
VisualStudioVersion = 16.0.31911.196
MinimumVisualStudioVersion = 10.0.40219.1
Project("{FAE04EC0-301F-11D3-BF4B-00C04F79EFBC}") = "BethanysPieShop", "BethanysPieShop.csproj", "{DD112E85-FA52-4703-87F1-4E8A7A636685}"
EndProject
Global
	GlobalSection(SolutionConfigurationPlatforms) = preSolution
		Debug|Any CPU = Debug|Any CPU
		Release|Any CPU = Release|Any CPU
	EndGlobalSection
	GlobalSection(ProjectConfigurationPlatforms) = postSolution
		{DD112E85-FA52-4703-87F1-4E8A7A636685}.Debug|Any CPU.ActiveCfg = Debug|Any CPU
		{DD112E85-FA52-4703-87F1-4E8A7A636685}.Debug|Any CPU.Build.0 = Debug|Any CPU
		{DD112E85-FA52-4703-87F1-4E8A7A636685}.Release|Any CPU.ActiveCfg = Release|Any CPU
		{DD112E85-FA52-4703-87F1-4E8A7A636685}.Release|Any CPU.Build.0 = Release|Any CPU
	EndGlobalSection
	GlobalSection(SolutionProperties) = preSolution
		HideSolutionNode = FALSE
	EndGlobalSection
	GlobalSection(ExtensibilityGlobals) = postSolution
		SolutionGuid = {20ED3DA6-83C4-4FCD-96D0-A40AF1628117}
	EndGlobalSection
EndGlobal
